
Microsoft Visual Studio Solution File, Format Version 12.00
# Visual Studio Version 17
VisualStudioVersion = 17.14.36908.2 d17.14
MinimumVisualStudioVersion = 10.0.40219.1
Project("{FAE04EC0-301F-11D3-BF4B-00C04F79EFBC}") = "dergunovapolinakt_42_22", "dergunovapolinakt_42_22\dergunovapolinakt_42_22.csproj", "{4EF211D7-4FD9-4AD8-8671-CFB3EFA84EAA}"
EndProject
Global
	GlobalSection(SolutionConfigurationPlatforms) = preSolution
		Debug|Any CPU = Debug|Any CPU
		Release|Any CPU = Release|Any CPU
	EndGlobalSection
	GlobalSection(ProjectConfigurationPlatforms) = postSolution
		{4EF211D7-4FD9-4AD8-8671-CFB3EFA84EAA}.Debug|Any CPU.ActiveCfg = Debug|Any CPU
		{4EF211D7-4FD9-4AD8-8671-CFB3EFA84EAA}.Debug|Any CPU.Build.0 = Debug|Any CPU
		{4EF211D7-4FD9-4AD8-8671-CFB3EFA84EAA}.Release|Any CPU.ActiveCfg = Release|Any CPU
		{4EF211D7-4FD9-4AD8-8671-CFB3EFA84EAA}.Release|Any CPU.Build.0 = Release|Any CPU
	EndGlobalSection
	GlobalSection(SolutionProperties) = preSolution
		HideSolutionNode = FALSE
	EndGlobalSection
	GlobalSection(ExtensibilityGlobals) = postSolution
		SolutionGuid = {9018F973-7B15-4D26-9BFF-50C17543BE8F}
	EndGlobalSection
EndGlobal
